
Microsoft Visual Studio Solution File, Format Version 12.00
# Visual Studio Version 17
VisualStudioVersion = 17.2.32616.157
MinimumVisualStudioVersion = 10.0.40219.1
Project("{FAE04EC0-301F-11D3-BF4B-00C04F79EFBC}") = "ExerciseEnum", "ExerciseEnum\ExerciseEnum.csproj", "{0B006B89-02CB-43E5-A065-D0CAE5CCEA17}"
EndProject
Global
	GlobalSection(SolutionConfigurationPlatforms) = preSolution
		Debug|Any CPU = Debug|Any CPU
		Release|Any CPU = Release|Any CPU
	EndGlobalSection
	GlobalSection(ProjectConfigurationPlatforms) = postSolution
		{0B006B89-02CB-43E5-A065-D0CAE5CCEA17}.Debug|Any CPU.ActiveCfg = Debug|Any CPU
		{0B006B89-02CB-43E5-A065-D0CAE5CCEA17}.Debug|Any CPU.Build.0 = Debug|Any CPU
		{0B006B89-02CB-43E5-A065-D0CAE5CCEA17}.Release|Any CPU.ActiveCfg = Release|Any CPU
		{0B006B89-02CB-43E5-A065-D0CAE5CCEA17}.Release|Any CPU.Build.0 = Release|Any CPU
	EndGlobalSection
	GlobalSection(SolutionProperties) = preSolution
		HideSolutionNode = FALSE
	EndGlobalSection
	GlobalSection(ExtensibilityGlobals) = postSolution
		SolutionGuid = {488E4788-A98B-4ECA-A4A4-95FAE463EE0F}
	EndGlobalSection
EndGlobal
